
Microsoft Visual Studio Solution File, Format Version 12.00
# Visual Studio Version 17
VisualStudioVersion = 17.9.34728.123
MinimumVisualStudioVersion = 10.0.40219.1
Project("{FAE04EC0-301F-11D3-BF4B-00C04F79EFBC}") = "TestService01", "TestService01\TestService01.csproj", "{BC237136-39A6-495C-80E4-6F210E1BEC12}"
EndProject
Global
	GlobalSection(SolutionConfigurationPlatforms) = preSolution
		Debug|Any CPU = Debug|Any CPU
		Release|Any CPU = Release|Any CPU
	EndGlobalSection
	GlobalSection(ProjectConfigurationPlatforms) = postSolution
		{BC237136-39A6-495C-80E4-6F210E1BEC12}.Debug|Any CPU.ActiveCfg = Debug|Any CPU
		{BC237136-39A6-495C-80E4-6F210E1BEC12}.Debug|Any CPU.Build.0 = Debug|Any CPU
		{BC237136-39A6-495C-80E4-6F210E1BEC12}.Release|Any CPU.ActiveCfg = Release|Any CPU
		{BC237136-39A6-495C-80E4-6F210E1BEC12}.Release|Any CPU.Build.0 = Release|Any CPU
	EndGlobalSection
	GlobalSection(SolutionProperties) = preSolution
		HideSolutionNode = FALSE
	EndGlobalSection
	GlobalSection(ExtensibilityGlobals) = postSolution
		SolutionGuid = {8914D4FB-9C11-44D0-8784-32CB0D249579}
	EndGlobalSection
EndGlobal
